
Microsoft Visual Studio Solution File, Format Version 12.00
# Visual Studio Version 17
VisualStudioVersion = 17.9.34616.47
MinimumVisualStudioVersion = 10.0.40219.1
Project("{8BC9CEB8-8B4A-11D0-8D11-00A0C91BC942}") = "stackusinglinkedlist_0118", "stackusinglinkedlist_0118\stackusinglinkedlist_0118.vcxproj", "{3A769814-2F28-431A-A07C-8D48440FD90E}"
EndProject
Global
	GlobalSection(SolutionConfigurationPlatforms) = preSolution
		Debug|x64 = Debug|x64
		Debug|x86 = Debug|x86
		Release|x64 = Release|x64
		Release|x86 = Release|x86
	EndGlobalSection
	GlobalSection(ProjectConfigurationPlatforms) = postSolution
		{3A769814-2F28-431A-A07C-8D48440FD90E}.Debug|x64.ActiveCfg = Debug|x64
		{3A769814-2F28-431A-A07C-8D48440FD90E}.Debug|x64.Build.0 = Debug|x64
		{3A769814-2F28-431A-A07C-8D48440FD90E}.Debug|x86.ActiveCfg = Debug|Win32
		{3A769814-2F28-431A-A07C-8D48440FD90E}.Debug|x86.Build.0 = Debug|Win32
		{3A769814-2F28-431A-A07C-8D48440FD90E}.Release|x64.ActiveCfg = Release|x64
		{3A769814-2F28-431A-A07C-8D48440FD90E}.Release|x64.Build.0 = Release|x64
		{3A769814-2F28-431A-A07C-8D48440FD90E}.Release|x86.ActiveCfg = Release|Win32
		{3A769814-2F28-431A-A07C-8D48440FD90E}.Release|x86.Build.0 = Release|Win32
	EndGlobalSection
	GlobalSection(SolutionProperties) = preSolution
		HideSolutionNode = FALSE
	EndGlobalSection
	GlobalSection(ExtensibilityGlobals) = postSolution
		SolutionGuid = {87573309-0339-45C1-9D5C-F82D135B7668}
	EndGlobalSection
EndGlobal
